
Microsoft Visual Studio Solution File, Format Version 9.00
# Visual Studio 2005
Project("{FAE04EC0-301F-11D3-BF4B-00C04F79EFBC}") = "Grafiti", "GrafitiFramework\Grafiti.csproj", "{51B4EDB6-E849-4CDE-A7F8-E3E33C3A9828}"
EndProject
Project("{FAE04EC0-301F-11D3-BF4B-00C04F79EFBC}") = "GenericDemo", "GenericDemo\GenericDemo.csproj", "{B6DEC592-34C3-4EF7-9DED-B7008A151357}"
EndProject
Global
	GlobalSection(SolutionConfigurationPlatforms) = preSolution
		Debug|Any CPU = Debug|Any CPU
		Release|Any CPU = Release|Any CPU
	EndGlobalSection
	GlobalSection(ProjectConfigurationPlatforms) = postSolution
		{51B4EDB6-E849-4CDE-A7F8-E3E33C3A9828}.Debug|Any CPU.ActiveCfg = Debug|Any CPU
		{51B4EDB6-E849-4CDE-A7F8-E3E33C3A9828}.Debug|Any CPU.Build.0 = Debug|Any CPU
		{51B4EDB6-E849-4CDE-A7F8-E3E33C3A9828}.Release|Any CPU.ActiveCfg = Release|Any CPU
		{51B4EDB6-E849-4CDE-A7F8-E3E33C3A9828}.Release|Any CPU.Build.0 = Release|Any CPU
		{B6DEC592-34C3-4EF7-9DED-B7008A151357}.Debug|Any CPU.ActiveCfg = Debug|Any CPU
		{B6DEC592-34C3-4EF7-9DED-B7008A151357}.Debug|Any CPU.Build.0 = Debug|Any CPU
		{B6DEC592-34C3-4EF7-9DED-B7008A151357}.Release|Any CPU.ActiveCfg = Release|Any CPU
		{B6DEC592-34C3-4EF7-9DED-B7008A151357}.Release|Any CPU.Build.0 = Release|Any CPU
	EndGlobalSection
	GlobalSection(SolutionProperties) = preSolution
		HideSolutionNode = FALSE
	EndGlobalSection
EndGlobal
